{
  "name": "glize",
  "version": "21.7.2",
  "lockfileVersion": 2,
  "requires": true,
  "packages": {
    "": {
      "name": "glize",
      "version": "21.7.1",
      "license": "Apache-2.0",
      "dependencies": {
        "bytes-formatter": "latest",
        "debouncing": "*",
        "lzw-compressor": "*",
        "midday": "*",
        "uint": "*"
      }
    },
    "node_modules/bytes-formatter": {
      "version": "21.6.11",
      "resolved": "https://registry.npmjs.org/bytes-formatter/-/bytes-formatter-21.6.11.tgz",
      "integrity": "sha512-T7Z5P8HakKE4K3G6u1aizHNBVZEStgSH71Yrlk2SMBOLAQppQ/u9sIKfMD+3PR9VCjptduOTgbsq8/kRwHRVNA=="
    },
    "node_modules/debouncing": {
      "version": "21.6.8",
      "resolved": "https://registry.npmjs.org/debouncing/-/debouncing-21.6.8.tgz",
      "integrity": "sha512-CjxHV81gaOMQOCb+XrfDxJZCYu6vFSAv5hDr/VNBO0g3jTeA5Mwfs8H0x/kh8LqcX1QaM4EdCmK3tZFS6PTlKA=="
    },
    "node_modules/lzw-compressor": {
      "version": "21.6.5",
      "resolved": "https://registry.npmjs.org/lzw-compressor/-/lzw-compressor-21.6.5.tgz",
      "integrity": "sha512-drs5iEwJpNrCMPavK8L0H4igW7HSV022J/X5sGxU9B9mZL5gSI3T+0fE2Lgak6S3DWZNKn3svuJkSHifnFCXGw==",
      "dependencies": {
        "uint": "latest"
      }
    },
    "node_modules/midday": {
      "version": "21.7.6",
      "resolved": "https://registry.npmjs.org/midday/-/midday-21.7.6.tgz",
      "integrity": "sha512-xLG0ofK0djCJhDxx497EEjvK53L3meINtCoLNYsuWHDZRjL2UxwmvJhDX7b7S/Apwgko8Rh6tbIiMYJwVlRLqQ=="
    },
    "node_modules/uint": {
      "version": "21.6.2",
      "resolved": "https://registry.npmjs.org/uint/-/uint-21.6.2.tgz",
      "integrity": "sha512-2kdYektVZzHjg8Rhs4YgSnGZQkBnOa8/Xkt67YRhBMo8T36cjxbb3MnQrEgqAMSh36RAvxJWiiSOI9ySLbtwpA=="
    }
  },
  "dependencies": {
    "bytes-formatter": {
      "version": "21.6.11",
      "resolved": "https://registry.npmjs.org/bytes-formatter/-/bytes-formatter-21.6.11.tgz",
      "integrity": "sha512-T7Z5P8HakKE4K3G6u1aizHNBVZEStgSH71Yrlk2SMBOLAQppQ/u9sIKfMD+3PR9VCjptduOTgbsq8/kRwHRVNA=="
    },
    "debouncing": {
      "version": "21.6.8",
      "resolved": "https://registry.npmjs.org/debouncing/-/debouncing-21.6.8.tgz",
      "integrity": "sha512-CjxHV81gaOMQOCb+XrfDxJZCYu6vFSAv5hDr/VNBO0g3jTeA5Mwfs8H0x/kh8LqcX1QaM4EdCmK3tZFS6PTlKA=="
    },
    "lzw-compressor": {
      "version": "21.6.5",
      "resolved": "https://registry.npmjs.org/lzw-compressor/-/lzw-compressor-21.6.5.tgz",
      "integrity": "sha512-drs5iEwJpNrCMPavK8L0H4igW7HSV022J/X5sGxU9B9mZL5gSI3T+0fE2Lgak6S3DWZNKn3svuJkSHifnFCXGw==",
      "requires": {
        "uint": "latest"
      }
    },
    "midday": {
      "version": "21.7.6",
      "resolved": "https://registry.npmjs.org/midday/-/midday-21.7.6.tgz",
      "integrity": "sha512-xLG0ofK0djCJhDxx497EEjvK53L3meINtCoLNYsuWHDZRjL2UxwmvJhDX7b7S/Apwgko8Rh6tbIiMYJwVlRLqQ=="
    },
    "uint": {
      "version": "21.6.2",
      "resolved": "https://registry.npmjs.org/uint/-/uint-21.6.2.tgz",
      "integrity": "sha512-2kdYektVZzHjg8Rhs4YgSnGZQkBnOa8/Xkt67YRhBMo8T36cjxbb3MnQrEgqAMSh36RAvxJWiiSOI9ySLbtwpA=="
    }
  }
}
