{
  "name": "glize",
  "version": "21.3.4",
  "lockfileVersion": 2,
  "requires": true,
  "packages": {
    "": {
      "name": "glize",
      "version": "21.3.4",
      "license": "Apache-2.0",
      "dependencies": {
        "bytes-formatter": "^21.6.2",
        "debouncing": "^21.6.1"
      }
    },
    "node_modules/bytes-formatter": {
      "version": "21.6.2",
      "resolved": "https://registry.npmjs.org/bytes-formatter/-/bytes-formatter-21.6.2.tgz",
      "integrity": "sha512-NvBQUHx7H+t65MO0/jcMeXLXW7LCBiQycn8L0I2vvOltQMTSXbhEZ7o9YowDT3vCO84Y/A/CKrQ393A1Ems3RA=="
    },
    "node_modules/debouncing": {
      "version": "21.6.1",
      "resolved": "https://registry.npmjs.org/debouncing/-/debouncing-21.6.1.tgz",
      "integrity": "sha512-2XJW/N/rCspNve4YJ/I+dRjKhT+F3xM0YylaeErti2T92RjNGpvX9STlAsE4AKL03CfZzRc/IHsaZe5RgyRihA=="
    }
  },
  "dependencies": {
    "bytes-formatter": {
      "version": "21.6.2",
      "resolved": "https://registry.npmjs.org/bytes-formatter/-/bytes-formatter-21.6.2.tgz",
      "integrity": "sha512-NvBQUHx7H+t65MO0/jcMeXLXW7LCBiQycn8L0I2vvOltQMTSXbhEZ7o9YowDT3vCO84Y/A/CKrQ393A1Ems3RA=="
    },
    "debouncing": {
      "version": "21.6.1",
      "resolved": "https://registry.npmjs.org/debouncing/-/debouncing-21.6.1.tgz",
      "integrity": "sha512-2XJW/N/rCspNve4YJ/I+dRjKhT+F3xM0YylaeErti2T92RjNGpvX9STlAsE4AKL03CfZzRc/IHsaZe5RgyRihA=="
    }
  }
}
